{
  "name": "nuxtjs-drupal-ce-playground",
  "lockfileVersion": 3,
  "requires": true,
  "packages": {
    "": {
      "name": "nuxtjs-drupal-ce-playground",
      "dependencies": {
        "nuxtjs-drupal-ce": "file:../"
      }
    },
    "..": {
      "name": "nuxtjs-drupal-ce",
      "version": "2.2.2",
      "license": "MIT",
      "dependencies": {
        "defu": "^6.1.4"
      },
      "bin": {
        "nuxt-drupal-ce-init": "bin/nuxt-drupal-ce-init.cjs"
      },
      "devDependencies": {
        "@nuxt/eslint": "^1.4.1",
        "@nuxt/eslint-config": "^1.4.1",
        "@nuxt/kit": "^3.17.5",
        "@nuxt/module-builder": "^1.0.1",
        "@nuxt/schema": "^3.17.5",
        "@nuxt/test-utils": "^3.19.1",
        "@nuxtjs/i18n": "^9.5.5",
        "@playwright/test": "^1.53.0",
        "@vue/test-utils": "^2.4.6",
        "eslint": "^9.29.0",
        "happy-dom": "^15.11.7",
        "nuxt": "^3.17.5",
        "playwright-core": "^1.53.0",
        "typescript": "^5.8.3",
        "vitest": "^3.2.4"
      }
    },
    "node_modules/nuxtjs-drupal-ce": {
      "resolved": "..",
      "link": true
    }
  }
}
